
Microsoft Visual Studio Solution File, Format Version 12.00
# Visual Studio 15
VisualStudioVersion = 15.0.28307.168
MinimumVisualStudioVersion = 10.0.40219.1
Project("{FAE04EC0-301F-11D3-BF4B-00C04F79EFBC}") = "RoyalInnSuites", "RoyalInnSuites\RoyalInnSuites.csproj", "{36860FE1-2DEA-4844-BBA5-E4B8B306CCA2}"
EndProject
Global
	GlobalSection(SolutionConfigurationPlatforms) = preSolution
		Debug|Any CPU = Debug|Any CPU
		Release|Any CPU = Release|Any CPU
	EndGlobalSection
	GlobalSection(ProjectConfigurationPlatforms) = postSolution
		{36860FE1-2DEA-4844-BBA5-E4B8B306CCA2}.Debug|Any CPU.ActiveCfg = Debug|Any CPU
		{36860FE1-2DEA-4844-BBA5-E4B8B306CCA2}.Debug|Any CPU.Build.0 = Debug|Any CPU
		{36860FE1-2DEA-4844-BBA5-E4B8B306CCA2}.Release|Any CPU.ActiveCfg = Release|Any CPU
		{36860FE1-2DEA-4844-BBA5-E4B8B306CCA2}.Release|Any CPU.Build.0 = Release|Any CPU
	EndGlobalSection
	GlobalSection(SolutionProperties) = preSolution
		HideSolutionNode = FALSE
	EndGlobalSection
	GlobalSection(ExtensibilityGlobals) = postSolution
		SolutionGuid = {A4817F2E-56B5-4219-9EB7-23F4D11C93FA}
	EndGlobalSection
EndGlobal
